
Microsoft Visual Studio Solution File, Format Version 12.00
# Visual Studio Version 17
VisualStudioVersion = 17.5.33516.290
MinimumVisualStudioVersion = 10.0.40219.1
Project("{FAE04EC0-301F-11D3-BF4B-00C04F79EFBC}") = "wp01_mahApp", "wp01_mahApp\wp01_mahApp.csproj", "{61C416FA-401A-4FC8-8FE0-C8BB44DD9A81}"
EndProject
Project("{FAE04EC0-301F-11D3-BF4B-00C04F79EFBC}") = "wp08_personalInfoApp", "wp08_personalInfoApp\wp08_personalInfoApp.csproj", "{415CC364-B563-43C0-8972-2240AAF3017C}"
EndProject
Project("{2150E333-8FDC-42A3-9474-1A3956D46DE8}") = "Design", "Design", "{B5DB1B3A-CC02-4D88-B9FA-A9FF5E29AF83}"
EndProject
Project("{2150E333-8FDC-42A3-9474-1A3956D46DE8}") = "MVVM", "MVVM", "{20DD4DD4-8ADA-4756-9573-2FBDB6306D25}"
EndProject
Global
	GlobalSection(SolutionConfigurationPlatforms) = preSolution
		Debug|Any CPU = Debug|Any CPU
		Release|Any CPU = Release|Any CPU
	EndGlobalSection
	GlobalSection(ProjectConfigurationPlatforms) = postSolution
		{61C416FA-401A-4FC8-8FE0-C8BB44DD9A81}.Debug|Any CPU.ActiveCfg = Debug|Any CPU
		{61C416FA-401A-4FC8-8FE0-C8BB44DD9A81}.Debug|Any CPU.Build.0 = Debug|Any CPU
		{61C416FA-401A-4FC8-8FE0-C8BB44DD9A81}.Release|Any CPU.ActiveCfg = Release|Any CPU
		{61C416FA-401A-4FC8-8FE0-C8BB44DD9A81}.Release|Any CPU.Build.0 = Release|Any CPU
		{415CC364-B563-43C0-8972-2240AAF3017C}.Debug|Any CPU.ActiveCfg = Debug|Any CPU
		{415CC364-B563-43C0-8972-2240AAF3017C}.Debug|Any CPU.Build.0 = Debug|Any CPU
		{415CC364-B563-43C0-8972-2240AAF3017C}.Release|Any CPU.ActiveCfg = Release|Any CPU
		{415CC364-B563-43C0-8972-2240AAF3017C}.Release|Any CPU.Build.0 = Release|Any CPU
	EndGlobalSection
	GlobalSection(SolutionProperties) = preSolution
		HideSolutionNode = FALSE
	EndGlobalSection
	GlobalSection(NestedProjects) = preSolution
		{61C416FA-401A-4FC8-8FE0-C8BB44DD9A81} = {B5DB1B3A-CC02-4D88-B9FA-A9FF5E29AF83}
		{415CC364-B563-43C0-8972-2240AAF3017C} = {20DD4DD4-8ADA-4756-9573-2FBDB6306D25}
	EndGlobalSection
	GlobalSection(ExtensibilityGlobals) = postSolution
		SolutionGuid = {9B4CE939-1F61-4193-B5EA-3F431054A073}
	EndGlobalSection
EndGlobal
